
Microsoft Visual Studio Solution File, Format Version 12.00
# Visual Studio Version 16
VisualStudioVersion = 16.0.31019.35
MinimumVisualStudioVersion = 10.0.40219.1
Project("{FAE04EC0-301F-11D3-BF4B-00C04F79EFBC}") = "ImmutabilitySample", "src\ImmutabilitySample\ImmutabilitySample.csproj", "{4A497F58-5AB9-4848-AF7F-1B7BA48AA400}"
EndProject
Global
	GlobalSection(SolutionConfigurationPlatforms) = preSolution
		Debug|Any CPU = Debug|Any CPU
		Release|Any CPU = Release|Any CPU
	EndGlobalSection
	GlobalSection(ProjectConfigurationPlatforms) = postSolution
		{4A497F58-5AB9-4848-AF7F-1B7BA48AA400}.Debug|Any CPU.ActiveCfg = Debug|Any CPU
		{4A497F58-5AB9-4848-AF7F-1B7BA48AA400}.Debug|Any CPU.Build.0 = Debug|Any CPU
		{4A497F58-5AB9-4848-AF7F-1B7BA48AA400}.Release|Any CPU.ActiveCfg = Release|Any CPU
		{4A497F58-5AB9-4848-AF7F-1B7BA48AA400}.Release|Any CPU.Build.0 = Release|Any CPU
	EndGlobalSection
	GlobalSection(SolutionProperties) = preSolution
		HideSolutionNode = FALSE
	EndGlobalSection
	GlobalSection(ExtensibilityGlobals) = postSolution
		SolutionGuid = {76452C98-65EB-4301-AC3C-20261A2FAA29}
	EndGlobalSection
EndGlobal
